// !$*UTF8*$!
{
	archiveVersion = 1;
	classes = {
	};
	objectVersion = 55;
	objects = {

/* Begin PBXBuildFile section */
		500AC336275E0B01005614D5 /* AppDelegate.swift in Sources */ = {isa = PBXBuildFile; fileRef = 500AC335275E0B01005614D5 /* AppDelegate.swift */; };
		500AC338275E0B01005614D5 /* SceneDelegate.swift in Sources */ = {isa = PBXBuildFile; fileRef = 500AC337275E0B01005614D5 /* SceneDelegate.swift */; };
		500AC33A275E0B01005614D5 /* ViewController.swift in Sources */ = {isa = PBXBuildFile; fileRef = 500AC339275E0B01005614D5 /* ViewController.swift */; };
		500AC33D275E0B01005614D5 /* Main.storyboard in Resources */ = {isa = PBXBuildFile; fileRef = 500AC33B275E0B01005614D5 /* Main.storyboard */; };
		500AC33F275E0B04005614D5 /* Assets.xcassets in Resources */ = {isa = PBXBuildFile; fileRef = 500AC33E275E0B04005614D5 /* Assets.xcassets */; };
		500AC342275E0B04005614D5 /* LaunchScreen.storyboard in Resources */ = {isa = PBXBuildFile; fileRef = 500AC340275E0B04005614D5 /* LaunchScreen.storyboard */; };
		500AC34D275E0B05005614D5 /* AboutCanadaTests.swift in Sources */ = {isa = PBXBuildFile; fileRef = 500AC34C275E0B05005614D5 /* AboutCanadaTests.swift */; };
		500AC357275E0B05005614D5 /* AboutCanadaUITests.swift in Sources */ = {isa = PBXBuildFile; fileRef = 500AC356275E0B05005614D5 /* AboutCanadaUITests.swift */; };
		500AC359275E0B05005614D5 /* AboutCanadaUITestsLaunchTests.swift in Sources */ = {isa = PBXBuildFile; fileRef = 500AC358275E0B05005614D5 /* AboutCanadaUITestsLaunchTests.swift */; };
/* End PBXBuildFile section */

/* Begin PBXContainerItemProxy section */
		500AC349275E0B05005614D5 /* PBXContainerItemProxy */ = {
			isa = PBXContainerItemProxy;
			containerPortal = 500AC32A275E0B01005614D5 /* Project object */;
			proxyType = 1;
			remoteGlobalIDString = 500AC331275E0B01005614D5;
			remoteInfo = AboutCanada;
		};
		500AC353275E0B05005614D5 /* PBXContainerItemProxy */ = {
			isa = PBXContainerItemProxy;
			containerPortal = 500AC32A275E0B01005614D5 /* Project object */;
			proxyType = 1;
			remoteGlobalIDString = 500AC331275E0B01005614D5;
			remoteInfo = AboutCanada;
		};
/* End PBXContainerItemProxy section */

/* Begin PBXFileReference section */
		500AC332275E0B01005614D5 /* AboutCanada.app */ = {isa = PBXFileReference; explicitFileType = wrapper.application; includeInIndex = 0; path = AboutCanada.app; sourceTree = BUILT_PRODUCTS_DIR; };
		500AC335275E0B01005614D5 /* AppDelegate.swift */ = {isa = PBXFileReference; lastKnownFileType = sourcecode.swift; path = AppDelegate.swift; sourceTree = "<group>"; };
		500AC337275E0B01005614D5 /* SceneDelegate.swift */ = {isa = PBXFileReference; lastKnownFileType = sourcecode.swift; path = SceneDelegate.swift; sourceTree = "<group>"; };
		500AC339275E0B01005614D5 /* ViewController.swift */ = {isa = PBXFileReference; lastKnownFileType = sourcecode.swift; path = ViewController.swift; sourceTree = "<group>"; };
		500AC33C275E0B01005614D5 /* Base */ = {isa = PBXFileReference; lastKnownFileType = file.storyboard; name = Base; path = Base.lproj/Main.storyboard; sourceTree = "<group>"; };
		500AC33E275E0B04005614D5 /* Assets.xcassets */ = {isa = PBXFileReference; lastKnownFileType = folder.assetcatalog; path = Assets.xcassets; sourceTree = "<group>"; };
		500AC341275E0B04005614D5 /* Base */ = {isa = PBXFileReference; lastKnownFileType = file.storyboard; name = Base; path = Base.lproj/LaunchScreen.storyboard; sourceTree = "<group>"; };
		500AC343275E0B04005614D5 /* Info.plist */ = {isa = PBXFileReference; lastKnownFileType = text.plist.xml; path = Info.plist; sourceTree = "<group>"; };
		500AC348275E0B05005614D5 /* AboutCanadaTests.xctest */ = {isa = PBXFileReference; explicitFileType = wrapper.cfbundle; includeInIndex = 0; path = AboutCanadaTests.xctest; sourceTree = BUILT_PRODUCTS_DIR; };
		500AC34C275E0B05005614D5 /* AboutCanadaTests.swift */ = {isa = PBXFileReference; lastKnownFileType = sourcecode.swift; path = AboutCanadaTests.swift; sourceTree = "<group>"; };
		500AC352275E0B05005614D5 /* AboutCanadaUITests.xctest */ = {isa = PBXFileReference; explicitFileType = wrapper.cfbundle; includeInIndex = 0; path = AboutCanadaUITests.xctest; sourceTree = BUILT_PRODUCTS_DIR; };
		500AC356275E0B05005614D5 /* AboutCanadaUITests.swift */ = {isa = PBXFileReference; lastKnownFileType = sourcecode.swift; path = AboutCanadaUITests.swift; sourceTree = "<group>"; };
		500AC358275E0B05005614D5 /* AboutCanadaUITestsLaunchTests.swift */ = {isa = PBXFileReference; lastKnownFileType = sourcecode.swift; path = AboutCanadaUITestsLaunchTests.swift; sourceTree = "<group>"; };
/* End PBXFileReference section */

/* Begin PBXFrameworksBuildPhase section */
		500AC32F275E0B01005614D5 /* Frameworks */ = {
			isa = PBXFrameworksBuildPhase;
			buildActionMask = 2147483647;
			files = (
			);
			runOnlyForDeploymentPostprocessing = 0;
		};
		500AC345275E0B05005614D5 /* Frameworks */ = {
			isa = PBXFrameworksBuildPhase;
			buildActionMask = 2147483647;
			files = (
			);
			runOnlyForDeploymentPostprocessing = 0;
		};
		500AC34F275E0B05005614D5 /* Frameworks */ = {
			isa = PBXFrameworksBuildPhase;
			buildActionMask = 2147483647;
			files = (
			);
			runOnlyForDeploymentPostprocessing = 0;
		};
/* End PBXFrameworksBuildPhase section */

/* Begin PBXGroup section */
		500AC329275E0B01005614D5 = {
			isa = PBXGroup;
			children = (
				500AC334275E0B01005614D5 /* AboutCanada */,
				500AC34B275E0B05005614D5 /* AboutCanadaTests */,
				500AC355275E0B05005614D5 /* AboutCanadaUITests */,
				500AC333275E0B01005614D5 /* Products */,
			);
			sourceTree = "<group>";
		};
		500AC333275E0B01005614D5 /* Products */ = {
			isa = PBXGroup;
			children = (
				500AC332275E0B01005614D5 /* AboutCanada.app */,
				500AC348275E0B05005614D5 /* AboutCanadaTests.xctest */,
				500AC352275E0B05005614D5 /* AboutCanadaUITests.xctest */,
			);
			name = Products;
			sourceTree = "<group>";
		};
		500AC334275E0B01005614D5 /* AboutCanada */ = {
			isa = PBXGroup;
			children = (
				500AC335275E0B01005614D5 /* AppDelegate.swift */,
				500AC337275E0B01005614D5 /* SceneDelegate.swift */,
				500AC339275E0B01005614D5 /* ViewController.swift */,
				500AC33B275E0B01005614D5 /* Main.storyboard */,
				500AC33E275E0B04005614D5 /* Assets.xcassets */,
				500AC340275E0B04005614D5 /* LaunchScreen.storyboard */,
				500AC343275E0B04005614D5 /* Info.plist */,
			);
			path = AboutCanada;
			sourceTree = "<group>";
		};
		500AC34B275E0B05005614D5 /* AboutCanadaTests */ = {
			isa = PBXGroup;
			children = (
				500AC34C275E0B05005614D5 /* AboutCanadaTests.swift */,
			);
			path = AboutCanadaTests;
			sourceTree = "<group>";
		};
		500AC355275E0B05005614D5 /* AboutCanadaUITests */ = {
			isa = PBXGroup;
			children = (
				500AC356275E0B05005614D5 /* AboutCanadaUITests.swift */,
				500AC358275E0B05005614D5 /* AboutCanadaUITestsLaunchTests.swift */,
			);
			path = AboutCanadaUITests;
			sourceTree = "<group>";
		};
/* End PBXGroup section */

/* Begin PBXNativeTarget section */
		500AC331275E0B01005614D5 /* AboutCanada */ = {
			isa = PBXNativeTarget;
			buildConfigurationList = 500AC35C275E0B05005614D5 /* Build configuration list for PBXNativeTarget "AboutCanada" */;
			buildPhases = (
				500AC32E275E0B01005614D5 /* Sources */,
				500AC32F275E0B01005614D5 /* Frameworks */,
				500AC330275E0B01005614D5 /* Resources */,
			);
			buildRules = (
			);
			dependencies = (
			);
			name = AboutCanada;
			productName = AboutCanada;
			productReference = 500AC332275E0B01005614D5 /* AboutCanada.app */;
			productType = "com.apple.product-type.application";
		};
		500AC347275E0B05005614D5 /* AboutCanadaTests */ = {
			isa = PBXNativeTarget;
			buildConfigurationList = 500AC35F275E0B05005614D5 /* Build configuration list for PBXNativeTarget "AboutCanadaTests" */;
			buildPhases = (
				500AC344275E0B05005614D5 /* Sources */,
				500AC345275E0B05005614D5 /* Frameworks */,
				500AC346275E0B05005614D5 /* Resources */,
			);
			buildRules = (
			);
			dependencies = (
				500AC34A275E0B05005614D5 /* PBXTargetDependency */,
			);
			name = AboutCanadaTests;
			productName = AboutCanadaTests;
			productReference = 500AC348275E0B05005614D5 /* AboutCanadaTests.xctest */;
			productType = "com.apple.product-type.bundle.unit-test";
		};
		500AC351275E0B05005614D5 /* AboutCanadaUITests */ = {
			isa = PBXNativeTarget;
			buildConfigurationList = 500AC362275E0B05005614D5 /* Build configuration list for PBXNativeTarget "AboutCanadaUITests" */;
			buildPhases = (
				500AC34E275E0B05005614D5 /* Sources */,
				500AC34F275E0B05005614D5 /* Frameworks */,
				500AC350275E0B05005614D5 /* Resources */,
			);
			buildRules = (
			);
			dependencies = (
				500AC354275E0B05005614D5 /* PBXTargetDependency */,
			);
			name = AboutCanadaUITests;
			productName = AboutCanadaUITests;
			productReference = 500AC352275E0B05005614D5 /* AboutCanadaUITests.xctest */;
			productType = "com.apple.product-type.bundle.ui-testing";
		};
/* End PBXNativeTarget section */

/* Begin PBXProject section */
		500AC32A275E0B01005614D5 /* Project object */ = {
			isa = PBXProject;
			attributes = {
				BuildIndependentTargetsInParallel = 1;
				LastSwiftUpdateCheck = 1300;
				LastUpgradeCheck = 1300;
				TargetAttributes = {
					500AC331275E0B01005614D5 = {
						CreatedOnToolsVersion = 13.0;
					};
					500AC347275E0B05005614D5 = {
						CreatedOnToolsVersion = 13.0;
						TestTargetID = 500AC331275E0B01005614D5;
					};
					500AC351275E0B05005614D5 = {
						CreatedOnToolsVersion = 13.0;
						TestTargetID = 500AC331275E0B01005614D5;
					};
				};
			};
			buildConfigurationList = 500AC32D275E0B01005614D5 /* Build configuration list for PBXProject "AboutCanada" */;
			compatibilityVersion = "Xcode 13.0";
			developmentRegion = en;
			hasScannedForEncodings = 0;
			knownRegions = (
				en,
				Base,
			);
			mainGroup = 500AC329275E0B01005614D5;
			productRefGroup = 500AC333275E0B01005614D5 /* Products */;
			projectDirPath = "";
			projectRoot = "";
			targets = (
				500AC331275E0B01005614D5 /* AboutCanada */,
				500AC347275E0B05005614D5 /* AboutCanadaTests */,
				500AC351275E0B05005614D5 /* AboutCanadaUITests */,
			);
		};
/* End PBXProject section */

/* Begin PBXResourcesBuildPhase section */
		500AC330275E0B01005614D5 /* Resources */ = {
			isa = PBXResourcesBuildPhase;
			buildActionMask = 2147483647;
			files = (
				500AC342275E0B04005614D5 /* LaunchScreen.storyboard in Resources */,
				500AC33F275E0B04005614D5 /* Assets.xcassets in Resources */,
				500AC33D275E0B01005614D5 /* Main.storyboard in Resources */,
			);
			runOnlyForDeploymentPostprocessing = 0;
		};
		500AC346275E0B05005614D5 /* Resources */ = {
			isa = PBXResourcesBuildPhase;
			buildActionMask = 2147483647;
			files = (
			);
			runOnlyForDeploymentPostprocessing = 0;
		};
		500AC350275E0B05005614D5 /* Resources */ = {
			isa = PBXResourcesBuildPhase;
			buildActionMask = 2147483647;
			files = (
			);
			runOnlyForDeploymentPostprocessing = 0;
		};
/* End PBXResourcesBuildPhase section */

/* Begin PBXSourcesBuildPhase section */
		500AC32E275E0B01005614D5 /* Sources */ = {
			isa = PBXSourcesBuildPhase;
			buildActionMask = 2147483647;
			files = (
				500AC33A275E0B01005614D5 /* ViewController.swift in Sources */,
				500AC336275E0B01005614D5 /* AppDelegate.swift in Sources */,
				500AC338275E0B01005614D5 /* SceneDelegate.swift in Sources */,
			);
			runOnlyForDeploymentPostprocessing = 0;
		};
		500AC344275E0B05005614D5 /* Sources */ = {
			isa = PBXSourcesBuildPhase;
			buildActionMask = 2147483647;
			files = (
				500AC34D275E0B05005614D5 /* AboutCanadaTests.swift in Sources */,
			);
			runOnlyForDeploymentPostprocessing = 0;
		};
		500AC34E275E0B05005614D5 /* Sources */ = {
			isa = PBXSourcesBuildPhase;
			buildActionMask = 2147483647;
			files = (
				500AC359275E0B05005614D5 /* AboutCanadaUITestsLaunchTests.swift in Sources */,
				500AC357275E0B05005614D5 /* AboutCanadaUITests.swift in Sources */,
			);
			runOnlyForDeploymentPostprocessing = 0;
		};
/* End PBXSourcesBuildPhase section */

/* Begin PBXTargetDependency section */
		500AC34A275E0B05005614D5 /* PBXTargetDependency */ = {
			isa = PBXTargetDependency;
			target = 500AC331275E0B01005614D5 /* AboutCanada */;
			targetProxy = 500AC349275E0B05005614D5 /* PBXContainerItemProxy */;
		};
		500AC354275E0B05005614D5 /* PBXTargetDependency */ = {
			isa = PBXTargetDependency;
			target = 500AC331275E0B01005614D5 /* AboutCanada */;
			targetProxy = 500AC353275E0B05005614D5 /* PBXContainerItemProxy */;
		};
/* End PBXTargetDependency section */

/* Begin PBXVariantGroup section */
		500AC33B275E0B01005614D5 /* Main.storyboard */ = {
			isa = PBXVariantGroup;
			children = (
				500AC33C275E0B01005614D5 /* Base */,
			);
			name = Main.storyboard;
			sourceTree = "<group>";
		};
		500AC340275E0B04005614D5 /* LaunchScreen.storyboard */ = {
			isa = PBXVariantGroup;
			children = (
				500AC341275E0B04005614D5 /* Base */,
			);
			name = LaunchScreen.storyboard;
			sourceTree = "<group>";
		};
/* End PBXVariantGroup section */

/* Begin XCBuildConfiguration section */
		500AC35A275E0B05005614D5 /* Debug */ = {
			isa = XCBuildConfiguration;
			buildSettings = {
				ALWAYS_SEARCH_USER_PATHS = NO;
				CLANG_ANALYZER_NONNULL = YES;
				CLANG_ANALYZER_NUMBER_OBJECT_CONVERSION = YES_AGGRESSIVE;
				CLANG_CXX_LANGUAGE_STANDARD = "gnu++17";
				CLANG_CXX_LIBRARY = "libc++";
				CLANG_ENABLE_MODULES = YES;
				CLANG_ENABLE_OBJC_ARC = YES;
				CLANG_ENABLE_OBJC_WEAK = YES;
				CLANG_WARN_BLOCK_CAPTURE_AUTORELEASING = YES;
				CLANG_WARN_BOOL_CONVERSION = YES;
				CLANG_WARN_COMMA = YES;
				CLANG_WARN_CONSTANT_CONVERSION = YES;
				CLANG_WARN_DEPRECATED_OBJC_IMPLEMENTATIONS = YES;
				CLANG_WARN_DIRECT_OBJC_ISA_USAGE = YES_ERROR;
				CLANG_WARN_DOCUMENTATION_COMMENTS = YES;
				CLANG_WARN_EMPTY_BODY = YES;
				CLANG_WARN_ENUM_CONVERSION = YES;
				CLANG_WARN_INFINITE_RECURSION = YES;
				CLANG_WARN_INT_CONVERSION = YES;
				CLANG_WARN_NON_LITERAL_NULL_CONVERSION = YES;
				CLANG_WARN_OBJC_IMPLICIT_RETAIN_SELF = YES;
				CLANG_WARN_OBJC_LITERAL_CONVERSION = YES;
				CLANG_WARN_OBJC_ROOT_CLASS = YES_ERROR;
				CLANG_WARN_QUOTED_INCLUDE_IN_FRAMEWORK_HEADER = YES;
				CLANG_WARN_RANGE_LOOP_ANALYSIS = YES;
				CLANG_WARN_STRICT_PROTOTYPES = YES;
				CLANG_WARN_SUSPICIOUS_MOVE = YES;
				CLANG_WARN_UNGUARDED_AVAILABILITY = YES_AGGRESSIVE;
				CLANG_WARN_UNREACHABLE_CODE = YES;
				CLANG_WARN__DUPLICATE_METHOD_MATCH = YES;
				COPY_PHASE_STRIP = NO;
				DEBUG_INFORMATION_FORMAT = dwarf;
				ENABLE_STRICT_OBJC_MSGSEND = YES;
				ENABLE_TESTABILITY = YES;
				GCC_C_LANGUAGE_STANDARD = gnu11;
				GCC_DYNAMIC_NO_PIC = NO;
				GCC_NO_COMMON_BLOCKS = YES;
				GCC_OPTIMIZATION_LEVEL = 0;
				GCC_PREPROCESSOR_DEFINITIONS = (
					"DEBUG=1",
					"$(inherited)",
				);
				GCC_WARN_64_TO_32_BIT_CONVERSION = YES;
				GCC_WARN_ABOUT_RETURN_TYPE = YES_ERROR;
				GCC_WARN_UNDECLARED_SELECTOR = YES;
				GCC_WARN_UNINITIALIZED_AUTOS = YES_AGGRESSIVE;
				GCC_WARN_UNUSED_FUNCTION = YES;
				GCC_WARN_UNUSED_VARIABLE = YES;
				IPHONEOS_DEPLOYMENT_TARGET = 15.0;
				MTL_ENABLE_DEBUG_INFO = INCLUDE_SOURCE;
				MTL_FAST_MATH = YES;
				ONLY_ACTIVE_ARCH = YES;
				SDKROOT = iphoneos;
				SWIFT_ACTIVE_COMPILATION_CONDITIONS = DEBUG;
				SWIFT_OPTIMIZATION_LEVEL = "-Onone";
			};
			name = Debug;
		};
		500AC35B275E0B05005614D5 /* Release */ = {
			isa = XCBuildConfiguration;
			buildSettings = {
				ALWAYS_SEARCH_USER_PATHS = NO;
				CLANG_ANALYZER_NONNULL = YES;
				CLANG_ANALYZER_NUMBER_OBJECT_CONVERSION = YES_AGGRESSIVE;
				CLANG_CXX_LANGUAGE_STANDARD = "gnu++17";
				CLANG_CXX_LIBRARY = "libc++";
				CLANG_ENABLE_MODULES = YES;
				CLANG_ENABLE_OBJC_ARC = YES;
				CLANG_ENABLE_OBJC_WEAK = YES;
				CLANG_WARN_BLOCK_CAPTURE_AUTORELEASING = YES;
				CLANG_WARN_BOOL_CONVERSION = YES;
				CLANG_WARN_COMMA = YES;
				CLANG_WARN_CONSTANT_CONVERSION = YES;
				CLANG_WARN_DEPRECATED_OBJC_IMPLEMENTATIONS = YES;
				CLANG_WARN_DIRECT_OBJC_ISA_USAGE = YES_ERROR;
				CLANG_WARN_DOCUMENTATION_COMMENTS = YES;
				CLANG_WARN_EMPTY_BODY = YES;
				CLANG_WARN_ENUM_CONVERSION = YES;
				CLANG_WARN_INFINITE_RECURSION = YES;
				CLANG_WARN_INT_CONVERSION = YES;
				CLANG_WARN_NON_LITERAL_NULL_CONVERSION = YES;
				CLANG_WARN_OBJC_IMPLICIT_RETAIN_SELF = YES;
				CLANG_WARN_OBJC_LITERAL_CONVERSION = YES;
				CLANG_WARN_OBJC_ROOT_CLASS = YES_ERROR;
				CLANG_WARN_QUOTED_INCLUDE_IN_FRAMEWORK_HEADER = YES;
				CLANG_WARN_RANGE_LOOP_ANALYSIS = YES;
				CLANG_WARN_STRICT_PROTOTYPES = YES;
				CLANG_WARN_SUSPICIOUS_MOVE = YES;
				CLANG_WARN_UNGUARDED_AVAILABILITY = YES_AGGRESSIVE;
				CLANG_WARN_UNREACHABLE_CODE = YES;
				CLANG_WARN__DUPLICATE_METHOD_MATCH = YES;
				COPY_PHASE_STRIP = NO;
				DEBUG_INFORMATION_FORMAT = "dwarf-with-dsym";
				ENABLE_NS_ASSERTIONS = NO;
				ENABLE_STRICT_OBJC_MSGSEND = YES;
				GCC_C_LANGUAGE_STANDARD = gnu11;
				GCC_NO_COMMON_BLOCKS = YES;
				GCC_WARN_64_TO_32_BIT_CONVERSION = YES;
				GCC_WARN_ABOUT_RETURN_TYPE = YES_ERROR;
				GCC_WARN_UNDECLARED_SELECTOR = YES;
				GCC_WARN_UNINITIALIZED_AUTOS = YES_AGGRESSIVE;
				GCC_WARN_UNUSED_FUNCTION = YES;
				GCC_WARN_UNUSED_VARIABLE = YES;
				IPHONEOS_DEPLOYMENT_TARGET = 15.0;
				MTL_ENABLE_DEBUG_INFO = NO;
				MTL_FAST_MATH = YES;
				SDKROOT = iphoneos;
				SWIFT_COMPILATION_MODE = wholemodule;
				SWIFT_OPTIMIZATION_LEVEL = "-O";
				VALIDATE_PRODUCT = YES;
			};
			name = Release;
		};
		500AC35D275E0B05005614D5 /* Debug */ = {
			isa = XCBuildConfiguration;
			buildSettings = {
				ASSETCATALOG_COMPILER_APPICON_NAME = AppIcon;
				ASSETCATALOG_COMPILER_GLOBAL_ACCENT_COLOR_NAME = AccentColor;
				CODE_SIGN_STYLE = Automatic;
				CURRENT_PROJECT_VERSION = 1;
				GENERATE_INFOPLIST_FILE = YES;
				INFOPLIST_FILE = AboutCanada/Info.plist;
				INFOPLIST_KEY_UIApplicationSupportsIndirectInputEvents = YES;
				INFOPLIST_KEY_UILaunchStoryboardName = LaunchScreen;
				INFOPLIST_KEY_UIMainStoryboardFile = Main;
				INFOPLIST_KEY_UISupportedInterfaceOrientations_iPad = "UIInterfaceOrientationPortrait UIInterfaceOrientationPortraitUpsideDown UIInterfaceOrientationLandscapeLeft UIInterfaceOrientationLandscapeRight";
				INFOPLIST_KEY_UISupportedInterfaceOrientations_iPhone = "UIInterfaceOrientationPortrait UIInterfaceOrientationLandscapeLeft UIInterfaceOrientationLandscapeRight";
				LD_RUNPATH_SEARCH_PATHS = (
					"$(inherited)",
					"@executable_path/Frameworks",
				);
				MARKETING_VERSION = 1.0;
				PRODUCT_BUNDLE_IDENTIFIER = mdProphet.AboutCanada;
				PRODUCT_NAME = "$(TARGET_NAME)";
				SWIFT_EMIT_LOC_STRINGS = YES;
				SWIFT_VERSION = 5.0;
				TARGETED_DEVICE_FAMILY = "1,2";
			};
			name = Debug;
		};
		500AC35E275E0B05005614D5 /* Release */ = {
			isa = XCBuildConfiguration;
			buildSettings = {
				ASSETCATALOG_COMPILER_APPICON_NAME = AppIcon;
				ASSETCATALOG_COMPILER_GLOBAL_ACCENT_COLOR_NAME = AccentColor;
				CODE_SIGN_STYLE = Automatic;
				CURRENT_PROJECT_VERSION = 1;
				GENERATE_INFOPLIST_FILE = YES;
				INFOPLIST_FILE = AboutCanada/Info.plist;
				INFOPLIST_KEY_UIApplicationSupportsIndirectInputEvents = YES;
				INFOPLIST_KEY_UILaunchStoryboardName = LaunchScreen;
				INFOPLIST_KEY_UIMainStoryboardFile = Main;
				INFOPLIST_KEY_UISupportedInterfaceOrientations_iPad = "UIInterfaceOrientationPortrait UIInterfaceOrientationPortraitUpsideDown UIInterfaceOrientationLandscapeLeft UIInterfaceOrientationLandscapeRight";
				INFOPLIST_KEY_UISupportedInterfaceOrientations_iPhone = "UIInterfaceOrientationPortrait UIInterfaceOrientationLandscapeLeft UIInterfaceOrientationLandscapeRight";
				LD_RUNPATH_SEARCH_PATHS = (
					"$(inherited)",
					"@executable_path/Frameworks",
				);
				MARKETING_VERSION = 1.0;
				PRODUCT_BUNDLE_IDENTIFIER = mdProphet.AboutCanada;
				PRODUCT_NAME = "$(TARGET_NAME)";
				SWIFT_EMIT_LOC_STRINGS = YES;
				SWIFT_VERSION = 5.0;
				TARGETED_DEVICE_FAMILY = "1,2";
			};
			name = Release;
		};
		500AC360275E0B05005614D5 /* Debug */ = {
			isa = XCBuildConfiguration;
			buildSettings = {
				ALWAYS_EMBED_SWIFT_STANDARD_LIBRARIES = YES;
				BUNDLE_LOADER = "$(TEST_HOST)";
				CODE_SIGN_STYLE = Automatic;
				CURRENT_PROJECT_VERSION = 1;
				GENERATE_INFOPLIST_FILE = YES;
				IPHONEOS_DEPLOYMENT_TARGET = 15.0;
				LD_RUNPATH_SEARCH_PATHS = (
					"$(inherited)",
					"@executable_path/Frameworks",
					"@loader_path/Frameworks",
				);
				MARKETING_VERSION = 1.0;
				PRODUCT_BUNDLE_IDENTIFIER = mdProphet.AboutCanadaTests;
				PRODUCT_NAME = "$(TARGET_NAME)";
				SWIFT_EMIT_LOC_STRINGS = NO;
				SWIFT_VERSION = 5.0;
				TARGETED_DEVICE_FAMILY = "1,2";
				TEST_HOST = "$(BUILT_PRODUCTS_DIR)/AboutCanada.app/AboutCanada";
			};
			name = Debug;
		};
		500AC361275E0B05005614D5 /* Release */ = {
			isa = XCBuildConfiguration;
			buildSettings = {
				ALWAYS_EMBED_SWIFT_STANDARD_LIBRARIES = YES;
				BUNDLE_LOADER = "$(TEST_HOST)";
				CODE_SIGN_STYLE = Automatic;
				CURRENT_PROJECT_VERSION = 1;
				GENERATE_INFOPLIST_FILE = YES;
				IPHONEOS_DEPLOYMENT_TARGET = 15.0;
				LD_RUNPATH_SEARCH_PATHS = (
					"$(inherited)",
					"@executable_path/Frameworks",
					"@loader_path/Frameworks",
				);
				MARKETING_VERSION = 1.0;
				PRODUCT_BUNDLE_IDENTIFIER = mdProphet.AboutCanadaTests;
				PRODUCT_NAME = "$(TARGET_NAME)";
				SWIFT_EMIT_LOC_STRINGS = NO;
				SWIFT_VERSION = 5.0;
				TARGETED_DEVICE_FAMILY = "1,2";
				TEST_HOST = "$(BUILT_PRODUCTS_DIR)/AboutCanada.app/AboutCanada";
			};
			name = Release;
		};
		500AC363275E0B05005614D5 /* Debug */ = {
			isa = XCBuildConfiguration;
			buildSettings = {
				ALWAYS_EMBED_SWIFT_STANDARD_LIBRARIES = YES;
				CODE_SIGN_STYLE = Automatic;
				CURRENT_PROJECT_VERSION = 1;
				GENERATE_INFOPLIST_FILE = YES;
				LD_RUNPATH_SEARCH_PATHS = (
					"$(inherited)",
					"@executable_path/Frameworks",
					"@loader_path/Frameworks",
				);
				MARKETING_VERSION = 1.0;
				PRODUCT_BUNDLE_IDENTIFIER = mdProphet.AboutCanadaUITests;
				PRODUCT_NAME = "$(TARGET_NAME)";
				SWIFT_EMIT_LOC_STRINGS = NO;
				SWIFT_VERSION = 5.0;
				TARGETED_DEVICE_FAMILY = "1,2";
				TEST_TARGET_NAME = AboutCanada;
			};
			name = Debug;
		};
		500AC364275E0B05005614D5 /* Release */ = {
			isa = XCBuildConfiguration;
			buildSettings = {
				ALWAYS_EMBED_SWIFT_STANDARD_LIBRARIES = YES;
				CODE_SIGN_STYLE = Automatic;
				CURRENT_PROJECT_VERSION = 1;
				GENERATE_INFOPLIST_FILE = YES;
				LD_RUNPATH_SEARCH_PATHS = (
					"$(inherited)",
					"@executable_path/Frameworks",
					"@loader_path/Frameworks",
				);
				MARKETING_VERSION = 1.0;
				PRODUCT_BUNDLE_IDENTIFIER = mdProphet.AboutCanadaUITests;
				PRODUCT_NAME = "$(TARGET_NAME)";
				SWIFT_EMIT_LOC_STRINGS = NO;
				SWIFT_VERSION = 5.0;
				TARGETED_DEVICE_FAMILY = "1,2";
				TEST_TARGET_NAME = AboutCanada;
			};
			name = Release;
		};
/* End XCBuildConfiguration section */

/* Begin XCConfigurationList section */
		500AC32D275E0B01005614D5 /* Build configuration list for PBXProject "AboutCanada" */ = {
			isa = XCConfigurationList;
			buildConfigurations = (
				500AC35A275E0B05005614D5 /* Debug */,
				500AC35B275E0B05005614D5 /* Release */,
			);
			defaultConfigurationIsVisible = 0;
			defaultConfigurationName = Release;
		};
		500AC35C275E0B05005614D5 /* Build configuration list for PBXNativeTarget "AboutCanada" */ = {
			isa = XCConfigurationList;
			buildConfigurations = (
				500AC35D275E0B05005614D5 /* Debug */,
				500AC35E275E0B05005614D5 /* Release */,
			);
			defaultConfigurationIsVisible = 0;
			defaultConfigurationName = Release;
		};
		500AC35F275E0B05005614D5 /* Build configuration list for PBXNativeTarget "AboutCanadaTests" */ = {
			isa = XCConfigurationList;
			buildConfigurations = (
				500AC360275E0B05005614D5 /* Debug */,
				500AC361275E0B05005614D5 /* Release */,
			);
			defaultConfigurationIsVisible = 0;
			defaultConfigurationName = Release;
		};
		500AC362275E0B05005614D5 /* Build configuration list for PBXNativeTarget "AboutCanadaUITests" */ = {
			isa = XCConfigurationList;
			buildConfigurations = (
				500AC363275E0B05005614D5 /* Debug */,
				500AC364275E0B05005614D5 /* Release */,
			);
			defaultConfigurationIsVisible = 0;
			defaultConfigurationName = Release;
		};
/* End XCConfigurationList section */
	};
	rootObject = 500AC32A275E0B01005614D5 /* Project object */;
}
